
Microsoft Visual Studio Solution File, Format Version 12.00
# Visual Studio Version 16
VisualStudioVersion = 16.0.31624.102
MinimumVisualStudioVersion = 10.0.40219.1
Project("{FAE04EC0-301F-11D3-BF4B-00C04F79EFBC}") = "zipprogram", "zipprogram.csproj", "{0D94F94E-8178-4F02-AAB2-57B4F82ACB3C}"
EndProject
Global
	GlobalSection(SolutionConfigurationPlatforms) = preSolution
		Debug|Any CPU = Debug|Any CPU
		Release|Any CPU = Release|Any CPU
	EndGlobalSection
	GlobalSection(ProjectConfigurationPlatforms) = postSolution
		{0D94F94E-8178-4F02-AAB2-57B4F82ACB3C}.Debug|Any CPU.ActiveCfg = Debug|Any CPU
		{0D94F94E-8178-4F02-AAB2-57B4F82ACB3C}.Debug|Any CPU.Build.0 = Debug|Any CPU
		{0D94F94E-8178-4F02-AAB2-57B4F82ACB3C}.Release|Any CPU.ActiveCfg = Release|Any CPU
		{0D94F94E-8178-4F02-AAB2-57B4F82ACB3C}.Release|Any CPU.Build.0 = Release|Any CPU
	EndGlobalSection
	GlobalSection(SolutionProperties) = preSolution
		HideSolutionNode = FALSE
	EndGlobalSection
	GlobalSection(ExtensibilityGlobals) = postSolution
		SolutionGuid = {A0E1A67F-8974-4E04-97E8-B24D5FCDD55D}
	EndGlobalSection
EndGlobal
